
Microsoft Visual Studio Solution File, Format Version 12.00
# Visual Studio 15
VisualStudioVersion = 15.0.26430.15
MinimumVisualStudioVersion = 10.0.40219.1
Project("{FAE04EC0-301F-11D3-BF4B-00C04F79EFBC}") = "DalFramework", "DalFramework\DalFramework.csproj", "{D59FB398-0BE2-4115-852F-AEA62B5AD282}"
EndProject
Project("{FAE04EC0-301F-11D3-BF4B-00C04F79EFBC}") = "ConsoleApp1", "ConsoleApp1\ConsoleApp1.csproj", "{60C22F81-3AC5-4773-8DD9-FC0205D1CA2D}"
EndProject
Project("{FAE04EC0-301F-11D3-BF4B-00C04F79EFBC}") = "AppService", "AppService\AppService.csproj", "{BCB05AE2-01AA-467A-8946-AE8275B3CAC2}"
EndProject
Project("{FAE04EC0-301F-11D3-BF4B-00C04F79EFBC}") = "DAL", "DAL\DAL.csproj", "{AD86D20F-70CE-42C9-AABB-9F0EE9801F01}"
EndProject
Global
	GlobalSection(SolutionConfigurationPlatforms) = preSolution
		Debug|Any CPU = Debug|Any CPU
		Release|Any CPU = Release|Any CPU
	EndGlobalSection
	GlobalSection(ProjectConfigurationPlatforms) = postSolution
		{D59FB398-0BE2-4115-852F-AEA62B5AD282}.Debug|Any CPU.ActiveCfg = Debug|Any CPU
		{D59FB398-0BE2-4115-852F-AEA62B5AD282}.Debug|Any CPU.Build.0 = Debug|Any CPU
		{D59FB398-0BE2-4115-852F-AEA62B5AD282}.Release|Any CPU.ActiveCfg = Release|Any CPU
		{D59FB398-0BE2-4115-852F-AEA62B5AD282}.Release|Any CPU.Build.0 = Release|Any CPU
		{60C22F81-3AC5-4773-8DD9-FC0205D1CA2D}.Debug|Any CPU.ActiveCfg = Debug|Any CPU
		{60C22F81-3AC5-4773-8DD9-FC0205D1CA2D}.Debug|Any CPU.Build.0 = Debug|Any CPU
		{60C22F81-3AC5-4773-8DD9-FC0205D1CA2D}.Release|Any CPU.ActiveCfg = Release|Any CPU
		{60C22F81-3AC5-4773-8DD9-FC0205D1CA2D}.Release|Any CPU.Build.0 = Release|Any CPU
		{BCB05AE2-01AA-467A-8946-AE8275B3CAC2}.Debug|Any CPU.ActiveCfg = Debug|Any CPU
		{BCB05AE2-01AA-467A-8946-AE8275B3CAC2}.Debug|Any CPU.Build.0 = Debug|Any CPU
		{BCB05AE2-01AA-467A-8946-AE8275B3CAC2}.Release|Any CPU.ActiveCfg = Release|Any CPU
		{BCB05AE2-01AA-467A-8946-AE8275B3CAC2}.Release|Any CPU.Build.0 = Release|Any CPU
		{AD86D20F-70CE-42C9-AABB-9F0EE9801F01}.Debug|Any CPU.ActiveCfg = Debug|Any CPU
		{AD86D20F-70CE-42C9-AABB-9F0EE9801F01}.Debug|Any CPU.Build.0 = Debug|Any CPU
		{AD86D20F-70CE-42C9-AABB-9F0EE9801F01}.Release|Any CPU.ActiveCfg = Release|Any CPU
		{AD86D20F-70CE-42C9-AABB-9F0EE9801F01}.Release|Any CPU.Build.0 = Release|Any CPU
	EndGlobalSection
	GlobalSection(SolutionProperties) = preSolution
		HideSolutionNode = FALSE
	EndGlobalSection
EndGlobal
